
Microsoft Visual Studio Solution File, Format Version 12.00
# Visual Studio Version 16
VisualStudioVersion = 16.0.30717.126
MinimumVisualStudioVersion = 10.0.40219.1
Project("{FAE04EC0-301F-11D3-BF4B-00C04F79EFBC}") = "Aplikacija_stan_na_dan", "Aplikacija_stan_na_dan.csproj", "{B0A72D4C-0339-45DB-BF7C-FFE31EEAB2DC}"
EndProject
Global
	GlobalSection(SolutionConfigurationPlatforms) = preSolution
		Debug|Any CPU = Debug|Any CPU
		Release|Any CPU = Release|Any CPU
	EndGlobalSection
	GlobalSection(ProjectConfigurationPlatforms) = postSolution
		{B0A72D4C-0339-45DB-BF7C-FFE31EEAB2DC}.Debug|Any CPU.ActiveCfg = Debug|Any CPU
		{B0A72D4C-0339-45DB-BF7C-FFE31EEAB2DC}.Debug|Any CPU.Build.0 = Debug|Any CPU
		{B0A72D4C-0339-45DB-BF7C-FFE31EEAB2DC}.Release|Any CPU.ActiveCfg = Release|Any CPU
		{B0A72D4C-0339-45DB-BF7C-FFE31EEAB2DC}.Release|Any CPU.Build.0 = Release|Any CPU
	EndGlobalSection
	GlobalSection(SolutionProperties) = preSolution
		HideSolutionNode = FALSE
	EndGlobalSection
	GlobalSection(ExtensibilityGlobals) = postSolution
		SolutionGuid = {FBA5C771-CDD8-40B8-A772-2E1EB25E7AE7}
	EndGlobalSection
EndGlobal
